// !$*UTF8*$!
{
	archiveVersion = 1;
	classes = {
	};
	objectVersion = 56;
	objects = {

/* Begin PBXBuildFile section */
		625ACC132A503A3D0024EFE6 /* products.db in Resources */ = {isa = PBXBuildFile; fileRef = 625ACC122A503A3D0024EFE6 /* products.db */; };
		625ACC152A503DE50024EFE6 /* ProductListViewModel.swift in Sources */ = {isa = PBXBuildFile; fileRef = 625ACC142A503DE50024EFE6 /* ProductListViewModel.swift */; };
		625ACC172A50AEC30024EFE6 /* String+Levenshtein.swift in Sources */ = {isa = PBXBuildFile; fileRef = 625ACC162A50AEC30024EFE6 /* String+Levenshtein.swift */; };
		625ACC192A50C1DB0024EFE6 /* ImagePickerMediaSourceType.swift in Sources */ = {isa = PBXBuildFile; fileRef = 625ACC182A50C1DB0024EFE6 /* ImagePickerMediaSourceType.swift */; };
		625ACC1B2A50C2540024EFE6 /* ProductViewData.swift in Sources */ = {isa = PBXBuildFile; fileRef = 625ACC1A2A50C2540024EFE6 /* ProductViewData.swift */; };
		625ACC1D2A50C2800024EFE6 /* ProductSectionViewData.swift in Sources */ = {isa = PBXBuildFile; fileRef = 625ACC1C2A50C2800024EFE6 /* ProductSectionViewData.swift */; };
		625ACC1F2A50C29E0024EFE6 /* StringPair.swift in Sources */ = {isa = PBXBuildFile; fileRef = 625ACC1E2A50C29E0024EFE6 /* StringPair.swift */; };
		625ACC212A50C37D0024EFE6 /* Images.swift in Sources */ = {isa = PBXBuildFile; fileRef = 625ACC202A50C37D0024EFE6 /* Images.swift */; };
		625ACC232A50C6BF0024EFE6 /* String+Trimmed.swift in Sources */ = {isa = PBXBuildFile; fileRef = 625ACC222A50C6BF0024EFE6 /* String+Trimmed.swift */; };
		625ACC262A50CB220024EFE6 /* Localizable.strings in Resources */ = {isa = PBXBuildFile; fileRef = 625ACC282A50CB220024EFE6 /* Localizable.strings */; };
		625ACC2B2A50CB670024EFE6 /* Strings.swift in Sources */ = {isa = PBXBuildFile; fileRef = 625ACC2A2A50CB670024EFE6 /* Strings.swift */; };
		625ACC2E2A50D8170024EFE6 /* ExportWarning.swift in Sources */ = {isa = PBXBuildFile; fileRef = 625ACC2D2A50D8170024EFE6 /* ExportWarning.swift */; };
		625ACC302A50D82A0024EFE6 /* ExportError.swift in Sources */ = {isa = PBXBuildFile; fileRef = 625ACC2F2A50D82A0024EFE6 /* ExportError.swift */; };
		62B621722A4E0109003ACCA6 /* beveragesApp.swift in Sources */ = {isa = PBXBuildFile; fileRef = 62B621712A4E0109003ACCA6 /* beveragesApp.swift */; };
		62B621762A4E010B003ACCA6 /* Assets.xcassets in Resources */ = {isa = PBXBuildFile; fileRef = 62B621752A4E010B003ACCA6 /* Assets.xcassets */; };
		62B621792A4E010B003ACCA6 /* Preview Assets.xcassets in Resources */ = {isa = PBXBuildFile; fileRef = 62B621782A4E010B003ACCA6 /* Preview Assets.xcassets */; };
		62B621832A4E010B003ACCA6 /* beveragesTests.swift in Sources */ = {isa = PBXBuildFile; fileRef = 62B621822A4E010B003ACCA6 /* beveragesTests.swift */; };
		62B6219D2A4E01BE003ACCA6 /* Resolver in Frameworks */ = {isa = PBXBuildFile; productRef = 62B6219C2A4E01BE003ACCA6 /* Resolver */; };
		62B621A02A4E02BF003ACCA6 /* SQLite in Frameworks */ = {isa = PBXBuildFile; productRef = 62B6219F2A4E02BF003ACCA6 /* SQLite */; };
		62B621A22A4E0306003ACCA6 /* Resolver+Registry.swift in Sources */ = {isa = PBXBuildFile; fileRef = 62B621A12A4E0306003ACCA6 /* Resolver+Registry.swift */; };
		62B621A42A4E035E003ACCA6 /* SQLiteHelper.swift in Sources */ = {isa = PBXBuildFile; fileRef = 62B621A32A4E035E003ACCA6 /* SQLiteHelper.swift */; };
		62B621AC2A4E0861003ACCA6 /* Product.swift in Sources */ = {isa = PBXBuildFile; fileRef = 62B621AB2A4E0861003ACCA6 /* Product.swift */; };
		62B621AE2A4E086D003ACCA6 /* DBProduct.swift in Sources */ = {isa = PBXBuildFile; fileRef = 62B621AD2A4E086D003ACCA6 /* DBProduct.swift */; };
		62B621B02A4E0AD9003ACCA6 /* ProductListScreen.swift in Sources */ = {isa = PBXBuildFile; fileRef = 62B621AF2A4E0AD9003ACCA6 /* ProductListScreen.swift */; };
		62B621B22A4E0AEA003ACCA6 /* ProductDetailsScreen.swift in Sources */ = {isa = PBXBuildFile; fileRef = 62B621B12A4E0AEA003ACCA6 /* ProductDetailsScreen.swift */; };
		62B621B42A4E0D11003ACCA6 /* ProductCategory.swift in Sources */ = {isa = PBXBuildFile; fileRef = 62B621B32A4E0D11003ACCA6 /* ProductCategory.swift */; };
		62B621B62A4ECDA9003ACCA6 /* Product+Parsing.swift in Sources */ = {isa = PBXBuildFile; fileRef = 62B621B52A4ECDA9003ACCA6 /* Product+Parsing.swift */; };
		62B621B82A4ED02E003ACCA6 /* DBProduct+Parsing.swift in Sources */ = {isa = PBXBuildFile; fileRef = 62B621B72A4ED02E003ACCA6 /* DBProduct+Parsing.swift */; };
		62B621BA2A4ED249003ACCA6 /* DBProduct+SQLite.swift in Sources */ = {isa = PBXBuildFile; fileRef = 62B621B92A4ED249003ACCA6 /* DBProduct+SQLite.swift */; };
		62B621BE2A4EE112003ACCA6 /* ProductDetailsViewModel.swift in Sources */ = {isa = PBXBuildFile; fileRef = 62B621BD2A4EE112003ACCA6 /* ProductDetailsViewModel.swift */; };
		62B621C02A4EEBCA003ACCA6 /* Resolver+Product.swift in Sources */ = {isa = PBXBuildFile; fileRef = 62B621BF2A4EEBCA003ACCA6 /* Resolver+Product.swift */; };
		62B621C22A4EEC05003ACCA6 /* ProductService.swift in Sources */ = {isa = PBXBuildFile; fileRef = 62B621C12A4EEC05003ACCA6 /* ProductService.swift */; };
		62B621C52A4F0910003ACCA6 /* ScannerScreen.swift in Sources */ = {isa = PBXBuildFile; fileRef = 62B621C42A4F0910003ACCA6 /* ScannerScreen.swift */; };
		62B621C82A4F6B93003ACCA6 /* ImagePicker.swift in Sources */ = {isa = PBXBuildFile; fileRef = 62B621C72A4F6B93003ACCA6 /* ImagePicker.swift */; };
/* End PBXBuildFile section */

/* Begin PBXContainerItemProxy section */
		62B6217F2A4E010B003ACCA6 /* PBXContainerItemProxy */ = {
			isa = PBXContainerItemProxy;
			containerPortal = 62B621662A4E0108003ACCA6 /* Project object */;
			proxyType = 1;
			remoteGlobalIDString = 62B6216D2A4E0109003ACCA6;
			remoteInfo = beverages;
		};
/* End PBXContainerItemProxy section */

/* Begin PBXFileReference section */
		625ACC122A503A3D0024EFE6 /* products.db */ = {isa = PBXFileReference; lastKnownFileType = file; path = products.db; sourceTree = "<group>"; };
		625ACC142A503DE50024EFE6 /* ProductListViewModel.swift */ = {isa = PBXFileReference; lastKnownFileType = sourcecode.swift; path = ProductListViewModel.swift; sourceTree = "<group>"; };
		625ACC162A50AEC30024EFE6 /* String+Levenshtein.swift */ = {isa = PBXFileReference; lastKnownFileType = sourcecode.swift; path = "String+Levenshtein.swift"; sourceTree = "<group>"; };
		625ACC182A50C1DB0024EFE6 /* ImagePickerMediaSourceType.swift */ = {isa = PBXFileReference; lastKnownFileType = sourcecode.swift; path = ImagePickerMediaSourceType.swift; sourceTree = "<group>"; };
		625ACC1A2A50C2540024EFE6 /* ProductViewData.swift */ = {isa = PBXFileReference; lastKnownFileType = sourcecode.swift; path = ProductViewData.swift; sourceTree = "<group>"; };
		625ACC1C2A50C2800024EFE6 /* ProductSectionViewData.swift */ = {isa = PBXFileReference; lastKnownFileType = sourcecode.swift; path = ProductSectionViewData.swift; sourceTree = "<group>"; };
		625ACC1E2A50C29E0024EFE6 /* StringPair.swift */ = {isa = PBXFileReference; lastKnownFileType = sourcecode.swift; path = StringPair.swift; sourceTree = "<group>"; };
		625ACC202A50C37D0024EFE6 /* Images.swift */ = {isa = PBXFileReference; lastKnownFileType = sourcecode.swift; path = Images.swift; sourceTree = "<group>"; };
		625ACC222A50C6BF0024EFE6 /* String+Trimmed.swift */ = {isa = PBXFileReference; lastKnownFileType = sourcecode.swift; path = "String+Trimmed.swift"; sourceTree = "<group>"; };
		625ACC272A50CB220024EFE6 /* en */ = {isa = PBXFileReference; lastKnownFileType = text.plist.strings; name = en; path = en.lproj/Localizable.strings; sourceTree = "<group>"; };
		625ACC2A2A50CB670024EFE6 /* Strings.swift */ = {isa = PBXFileReference; lastKnownFileType = sourcecode.swift; path = Strings.swift; sourceTree = "<group>"; };
		625ACC2D2A50D8170024EFE6 /* ExportWarning.swift */ = {isa = PBXFileReference; lastKnownFileType = sourcecode.swift; path = ExportWarning.swift; sourceTree = "<group>"; };
		625ACC2F2A50D82A0024EFE6 /* ExportError.swift */ = {isa = PBXFileReference; lastKnownFileType = sourcecode.swift; path = ExportError.swift; sourceTree = "<group>"; };
		62B6216E2A4E0109003ACCA6 /* beverages.app */ = {isa = PBXFileReference; explicitFileType = wrapper.application; includeInIndex = 0; path = beverages.app; sourceTree = BUILT_PRODUCTS_DIR; };
		62B621712A4E0109003ACCA6 /* beveragesApp.swift */ = {isa = PBXFileReference; lastKnownFileType = sourcecode.swift; path = beveragesApp.swift; sourceTree = "<group>"; };
		62B621752A4E010B003ACCA6 /* Assets.xcassets */ = {isa = PBXFileReference; lastKnownFileType = folder.assetcatalog; path = Assets.xcassets; sourceTree = "<group>"; };
		62B621782A4E010B003ACCA6 /* Preview Assets.xcassets */ = {isa = PBXFileReference; lastKnownFileType = folder.assetcatalog; path = "Preview Assets.xcassets"; sourceTree = "<group>"; };
		62B6217E2A4E010B003ACCA6 /* beveragesTests.xctest */ = {isa = PBXFileReference; explicitFileType = wrapper.cfbundle; includeInIndex = 0; path = beveragesTests.xctest; sourceTree = BUILT_PRODUCTS_DIR; };
		62B621822A4E010B003ACCA6 /* beveragesTests.swift */ = {isa = PBXFileReference; lastKnownFileType = sourcecode.swift; path = beveragesTests.swift; sourceTree = "<group>"; };
		62B621A12A4E0306003ACCA6 /* Resolver+Registry.swift */ = {isa = PBXFileReference; lastKnownFileType = sourcecode.swift; path = "Resolver+Registry.swift"; sourceTree = "<group>"; };
		62B621A32A4E035E003ACCA6 /* SQLiteHelper.swift */ = {isa = PBXFileReference; lastKnownFileType = sourcecode.swift; path = SQLiteHelper.swift; sourceTree = "<group>"; };
		62B621AB2A4E0861003ACCA6 /* Product.swift */ = {isa = PBXFileReference; lastKnownFileType = sourcecode.swift; path = Product.swift; sourceTree = "<group>"; };
		62B621AD2A4E086D003ACCA6 /* DBProduct.swift */ = {isa = PBXFileReference; lastKnownFileType = sourcecode.swift; path = DBProduct.swift; sourceTree = "<group>"; };
		62B621AF2A4E0AD9003ACCA6 /* ProductListScreen.swift */ = {isa = PBXFileReference; lastKnownFileType = sourcecode.swift; path = ProductListScreen.swift; sourceTree = "<group>"; };
		62B621B12A4E0AEA003ACCA6 /* ProductDetailsScreen.swift */ = {isa = PBXFileReference; lastKnownFileType = sourcecode.swift; path = ProductDetailsScreen.swift; sourceTree = "<group>"; };
		62B621B32A4E0D11003ACCA6 /* ProductCategory.swift */ = {isa = PBXFileReference; lastKnownFileType = sourcecode.swift; path = ProductCategory.swift; sourceTree = "<group>"; };
		62B621B52A4ECDA9003ACCA6 /* Product+Parsing.swift */ = {isa = PBXFileReference; lastKnownFileType = sourcecode.swift; path = "Product+Parsing.swift"; sourceTree = "<group>"; };
		62B621B72A4ED02E003ACCA6 /* DBProduct+Parsing.swift */ = {isa = PBXFileReference; lastKnownFileType = sourcecode.swift; path = "DBProduct+Parsing.swift"; sourceTree = "<group>"; };
		62B621B92A4ED249003ACCA6 /* DBProduct+SQLite.swift */ = {isa = PBXFileReference; lastKnownFileType = sourcecode.swift; path = "DBProduct+SQLite.swift"; sourceTree = "<group>"; };
		62B621BD2A4EE112003ACCA6 /* ProductDetailsViewModel.swift */ = {isa = PBXFileReference; lastKnownFileType = sourcecode.swift; path = ProductDetailsViewModel.swift; sourceTree = "<group>"; };
		62B621BF2A4EEBCA003ACCA6 /* Resolver+Product.swift */ = {isa = PBXFileReference; lastKnownFileType = sourcecode.swift; path = "Resolver+Product.swift"; sourceTree = "<group>"; };
		62B621C12A4EEC05003ACCA6 /* ProductService.swift */ = {isa = PBXFileReference; lastKnownFileType = sourcecode.swift; path = ProductService.swift; sourceTree = "<group>"; };
		62B621C42A4F0910003ACCA6 /* ScannerScreen.swift */ = {isa = PBXFileReference; lastKnownFileType = sourcecode.swift; path = ScannerScreen.swift; sourceTree = "<group>"; };
		62B621C72A4F6B93003ACCA6 /* ImagePicker.swift */ = {isa = PBXFileReference; lastKnownFileType = sourcecode.swift; path = ImagePicker.swift; sourceTree = "<group>"; };
/* End PBXFileReference section */

/* Begin PBXFrameworksBuildPhase section */
		62B6216B2A4E0109003ACCA6 /* Frameworks */ = {
			isa = PBXFrameworksBuildPhase;
			buildActionMask = 2147483647;
			files = (
				62B621A02A4E02BF003ACCA6 /* SQLite in Frameworks */,
				62B6219D2A4E01BE003ACCA6 /* Resolver in Frameworks */,
			);
			runOnlyForDeploymentPostprocessing = 0;
		};
		62B6217B2A4E010B003ACCA6 /* Frameworks */ = {
			isa = PBXFrameworksBuildPhase;
			buildActionMask = 2147483647;
			files = (
			);
			runOnlyForDeploymentPostprocessing = 0;
		};
/* End PBXFrameworksBuildPhase section */

/* Begin PBXGroup section */
		625ACC292A50CB5C0024EFE6 /* Constants */ = {
			isa = PBXGroup;
			children = (
				625ACC202A50C37D0024EFE6 /* Images.swift */,
				625ACC2A2A50CB670024EFE6 /* Strings.swift */,
			);
			path = Constants;
			sourceTree = "<group>";
		};
		625ACC2C2A50D80A0024EFE6 /* Models */ = {
			isa = PBXGroup;
			children = (
				625ACC2D2A50D8170024EFE6 /* ExportWarning.swift */,
				625ACC2F2A50D82A0024EFE6 /* ExportError.swift */,
			);
			path = Models;
			sourceTree = "<group>";
		};
		62B621652A4E0108003ACCA6 = {
			isa = PBXGroup;
			children = (
				62B621702A4E0109003ACCA6 /* beverages */,
				62B621812A4E010B003ACCA6 /* beveragesTests */,
				62B6216F2A4E0109003ACCA6 /* Products */,
			);
			sourceTree = "<group>";
		};
		62B6216F2A4E0109003ACCA6 /* Products */ = {
			isa = PBXGroup;
			children = (
				62B6216E2A4E0109003ACCA6 /* beverages.app */,
				62B6217E2A4E010B003ACCA6 /* beveragesTests.xctest */,
			);
			name = Products;
			sourceTree = "<group>";
		};
		62B621702A4E0109003ACCA6 /* beverages */ = {
			isa = PBXGroup;
			children = (
				62B621712A4E0109003ACCA6 /* beveragesApp.swift */,
				625ACC292A50CB5C0024EFE6 /* Constants */,
				62B621A12A4E0306003ACCA6 /* Resolver+Registry.swift */,
				62B621A32A4E035E003ACCA6 /* SQLiteHelper.swift */,
				625ACC162A50AEC30024EFE6 /* String+Levenshtein.swift */,
				625ACC222A50C6BF0024EFE6 /* String+Trimmed.swift */,
				625ACC282A50CB220024EFE6 /* Localizable.strings */,
				62B621A52A4E07C1003ACCA6 /* Products */,
				62B621752A4E010B003ACCA6 /* Assets.xcassets */,
				625ACC122A503A3D0024EFE6 /* products.db */,
				62B621772A4E010B003ACCA6 /* Preview Content */,
			);
			path = beverages;
			sourceTree = "<group>";
		};
		62B621772A4E010B003ACCA6 /* Preview Content */ = {
			isa = PBXGroup;
			children = (
				62B621782A4E010B003ACCA6 /* Preview Assets.xcassets */,
			);
			path = "Preview Content";
			sourceTree = "<group>";
		};
		62B621812A4E010B003ACCA6 /* beveragesTests */ = {
			isa = PBXGroup;
			children = (
				62B621822A4E010B003ACCA6 /* beveragesTests.swift */,
			);
			path = beveragesTests;
			sourceTree = "<group>";
		};
		62B621A52A4E07C1003ACCA6 /* Products */ = {
			isa = PBXGroup;
			children = (
				62B621C62A4F6B82003ACCA6 /* ImagePicker */,
				62B621C32A4F08F5003ACCA6 /* Scanner */,
				62B621BF2A4EEBCA003ACCA6 /* Resolver+Product.swift */,
				62B621C12A4EEC05003ACCA6 /* ProductService.swift */,
				62B621A62A4E07E9003ACCA6 /* ProductList */,
				62B621A72A4E07F7003ACCA6 /* ProductDetails */,
				62B621A82A4E0817003ACCA6 /* Models */,
			);
			path = Products;
			sourceTree = "<group>";
		};
		62B621A62A4E07E9003ACCA6 /* ProductList */ = {
			isa = PBXGroup;
			children = (
				62B621AF2A4E0AD9003ACCA6 /* ProductListScreen.swift */,
				625ACC142A503DE50024EFE6 /* ProductListViewModel.swift */,
			);
			path = ProductList;
			sourceTree = "<group>";
		};
		62B621A72A4E07F7003ACCA6 /* ProductDetails */ = {
			isa = PBXGroup;
			children = (
				62B621B12A4E0AEA003ACCA6 /* ProductDetailsScreen.swift */,
				62B621BD2A4EE112003ACCA6 /* ProductDetailsViewModel.swift */,
				625ACC2C2A50D80A0024EFE6 /* Models */,
			);
			path = ProductDetails;
			sourceTree = "<group>";
		};
		62B621A82A4E0817003ACCA6 /* Models */ = {
			isa = PBXGroup;
			children = (
				62B621B32A4E0D11003ACCA6 /* ProductCategory.swift */,
				625ACC182A50C1DB0024EFE6 /* ImagePickerMediaSourceType.swift */,
				625ACC1A2A50C2540024EFE6 /* ProductViewData.swift */,
				625ACC1C2A50C2800024EFE6 /* ProductSectionViewData.swift */,
				625ACC1E2A50C29E0024EFE6 /* StringPair.swift */,
				62B621AA2A4E0838003ACCA6 /* Product */,
				62B621A92A4E082E003ACCA6 /* DBProduct */,
			);
			path = Models;
			sourceTree = "<group>";
		};
		62B621A92A4E082E003ACCA6 /* DBProduct */ = {
			isa = PBXGroup;
			children = (
				62B621AD2A4E086D003ACCA6 /* DBProduct.swift */,
				62B621B72A4ED02E003ACCA6 /* DBProduct+Parsing.swift */,
				62B621B92A4ED249003ACCA6 /* DBProduct+SQLite.swift */,
			);
			path = DBProduct;
			sourceTree = "<group>";
		};
		62B621AA2A4E0838003ACCA6 /* Product */ = {
			isa = PBXGroup;
			children = (
				62B621AB2A4E0861003ACCA6 /* Product.swift */,
				62B621B52A4ECDA9003ACCA6 /* Product+Parsing.swift */,
			);
			path = Product;
			sourceTree = "<group>";
		};
		62B621C32A4F08F5003ACCA6 /* Scanner */ = {
			isa = PBXGroup;
			children = (
				62B621C42A4F0910003ACCA6 /* ScannerScreen.swift */,
			);
			path = Scanner;
			sourceTree = "<group>";
		};
		62B621C62A4F6B82003ACCA6 /* ImagePicker */ = {
			isa = PBXGroup;
			children = (
				62B621C72A4F6B93003ACCA6 /* ImagePicker.swift */,
			);
			path = ImagePicker;
			sourceTree = "<group>";
		};
/* End PBXGroup section */

/* Begin PBXNativeTarget section */
		62B6216D2A4E0109003ACCA6 /* beverages */ = {
			isa = PBXNativeTarget;
			buildConfigurationList = 62B621922A4E010B003ACCA6 /* Build configuration list for PBXNativeTarget "beverages" */;
			buildPhases = (
				62B6216A2A4E0109003ACCA6 /* Sources */,
				62B6216B2A4E0109003ACCA6 /* Frameworks */,
				62B6216C2A4E0109003ACCA6 /* Resources */,
			);
			buildRules = (
			);
			dependencies = (
			);
			name = beverages;
			packageProductDependencies = (
				62B6219C2A4E01BE003ACCA6 /* Resolver */,
				62B6219F2A4E02BF003ACCA6 /* SQLite */,
			);
			productName = beverages;
			productReference = 62B6216E2A4E0109003ACCA6 /* beverages.app */;
			productType = "com.apple.product-type.application";
		};
		62B6217D2A4E010B003ACCA6 /* beveragesTests */ = {
			isa = PBXNativeTarget;
			buildConfigurationList = 62B621952A4E010B003ACCA6 /* Build configuration list for PBXNativeTarget "beveragesTests" */;
			buildPhases = (
				62B6217A2A4E010B003ACCA6 /* Sources */,
				62B6217B2A4E010B003ACCA6 /* Frameworks */,
				62B6217C2A4E010B003ACCA6 /* Resources */,
			);
			buildRules = (
			);
			dependencies = (
				62B621802A4E010B003ACCA6 /* PBXTargetDependency */,
			);
			name = beveragesTests;
			productName = beveragesTests;
			productReference = 62B6217E2A4E010B003ACCA6 /* beveragesTests.xctest */;
			productType = "com.apple.product-type.bundle.unit-test";
		};
/* End PBXNativeTarget section */

/* Begin PBXProject section */
		62B621662A4E0108003ACCA6 /* Project object */ = {
			isa = PBXProject;
			attributes = {
				BuildIndependentTargetsInParallel = 1;
				LastSwiftUpdateCheck = 1420;
				LastUpgradeCheck = 1420;
				TargetAttributes = {
					62B6216D2A4E0109003ACCA6 = {
						CreatedOnToolsVersion = 14.2;
					};
					62B6217D2A4E010B003ACCA6 = {
						CreatedOnToolsVersion = 14.2;
						TestTargetID = 62B6216D2A4E0109003ACCA6;
					};
				};
			};
			buildConfigurationList = 62B621692A4E0108003ACCA6 /* Build configuration list for PBXProject "beverages" */;
			compatibilityVersion = "Xcode 14.0";
			developmentRegion = en;
			hasScannedForEncodings = 0;
			knownRegions = (
				en,
				Base,
			);
			mainGroup = 62B621652A4E0108003ACCA6;
			packageReferences = (
				62B6219B2A4E01BE003ACCA6 /* XCRemoteSwiftPackageReference "Resolver" */,
				62B6219E2A4E02BF003ACCA6 /* XCRemoteSwiftPackageReference "SQLite.swift" */,
			);
			productRefGroup = 62B6216F2A4E0109003ACCA6 /* Products */;
			projectDirPath = "";
			projectRoot = "";
			targets = (
				62B6216D2A4E0109003ACCA6 /* beverages */,
				62B6217D2A4E010B003ACCA6 /* beveragesTests */,
			);
		};
/* End PBXProject section */

/* Begin PBXResourcesBuildPhase section */
		62B6216C2A4E0109003ACCA6 /* Resources */ = {
			isa = PBXResourcesBuildPhase;
			buildActionMask = 2147483647;
			files = (
				62B621792A4E010B003ACCA6 /* Preview Assets.xcassets in Resources */,
				625ACC262A50CB220024EFE6 /* Localizable.strings in Resources */,
				625ACC132A503A3D0024EFE6 /* products.db in Resources */,
				62B621762A4E010B003ACCA6 /* Assets.xcassets in Resources */,
			);
			runOnlyForDeploymentPostprocessing = 0;
		};
		62B6217C2A4E010B003ACCA6 /* Resources */ = {
			isa = PBXResourcesBuildPhase;
			buildActionMask = 2147483647;
			files = (
			);
			runOnlyForDeploymentPostprocessing = 0;
		};
/* End PBXResourcesBuildPhase section */

/* Begin PBXSourcesBuildPhase section */
		62B6216A2A4E0109003ACCA6 /* Sources */ = {
			isa = PBXSourcesBuildPhase;
			buildActionMask = 2147483647;
			files = (
				62B621B02A4E0AD9003ACCA6 /* ProductListScreen.swift in Sources */,
				62B621722A4E0109003ACCA6 /* beveragesApp.swift in Sources */,
				625ACC302A50D82A0024EFE6 /* ExportError.swift in Sources */,
				62B621AC2A4E0861003ACCA6 /* Product.swift in Sources */,
				62B621B62A4ECDA9003ACCA6 /* Product+Parsing.swift in Sources */,
				62B621B22A4E0AEA003ACCA6 /* ProductDetailsScreen.swift in Sources */,
				62B621C22A4EEC05003ACCA6 /* ProductService.swift in Sources */,
				625ACC1B2A50C2540024EFE6 /* ProductViewData.swift in Sources */,
				625ACC2B2A50CB670024EFE6 /* Strings.swift in Sources */,
				625ACC212A50C37D0024EFE6 /* Images.swift in Sources */,
				625ACC192A50C1DB0024EFE6 /* ImagePickerMediaSourceType.swift in Sources */,
				625ACC172A50AEC30024EFE6 /* String+Levenshtein.swift in Sources */,
				62B621A22A4E0306003ACCA6 /* Resolver+Registry.swift in Sources */,
				62B621B82A4ED02E003ACCA6 /* DBProduct+Parsing.swift in Sources */,
				625ACC1D2A50C2800024EFE6 /* ProductSectionViewData.swift in Sources */,
				62B621A42A4E035E003ACCA6 /* SQLiteHelper.swift in Sources */,
				62B621BA2A4ED249003ACCA6 /* DBProduct+SQLite.swift in Sources */,
				625ACC1F2A50C29E0024EFE6 /* StringPair.swift in Sources */,
				62B621C52A4F0910003ACCA6 /* ScannerScreen.swift in Sources */,
				625ACC2E2A50D8170024EFE6 /* ExportWarning.swift in Sources */,
				62B621AE2A4E086D003ACCA6 /* DBProduct.swift in Sources */,
				62B621C02A4EEBCA003ACCA6 /* Resolver+Product.swift in Sources */,
				625ACC232A50C6BF0024EFE6 /* String+Trimmed.swift in Sources */,
				62B621C82A4F6B93003ACCA6 /* ImagePicker.swift in Sources */,
				62B621B42A4E0D11003ACCA6 /* ProductCategory.swift in Sources */,
				625ACC152A503DE50024EFE6 /* ProductListViewModel.swift in Sources */,
				62B621BE2A4EE112003ACCA6 /* ProductDetailsViewModel.swift in Sources */,
			);
			runOnlyForDeploymentPostprocessing = 0;
		};
		62B6217A2A4E010B003ACCA6 /* Sources */ = {
			isa = PBXSourcesBuildPhase;
			buildActionMask = 2147483647;
			files = (
				62B621832A4E010B003ACCA6 /* beveragesTests.swift in Sources */,
			);
			runOnlyForDeploymentPostprocessing = 0;
		};
/* End PBXSourcesBuildPhase section */

/* Begin PBXTargetDependency section */
		62B621802A4E010B003ACCA6 /* PBXTargetDependency */ = {
			isa = PBXTargetDependency;
			target = 62B6216D2A4E0109003ACCA6 /* beverages */;
			targetProxy = 62B6217F2A4E010B003ACCA6 /* PBXContainerItemProxy */;
		};
/* End PBXTargetDependency section */

/* Begin PBXVariantGroup section */
		625ACC282A50CB220024EFE6 /* Localizable.strings */ = {
			isa = PBXVariantGroup;
			children = (
				625ACC272A50CB220024EFE6 /* en */,
			);
			name = Localizable.strings;
			sourceTree = "<group>";
		};
/* End PBXVariantGroup section */

/* Begin XCBuildConfiguration section */
		62B621902A4E010B003ACCA6 /* Debug */ = {
			isa = XCBuildConfiguration;
			buildSettings = {
				ALWAYS_SEARCH_USER_PATHS = NO;
				CLANG_ANALYZER_NONNULL = YES;
				CLANG_ANALYZER_NUMBER_OBJECT_CONVERSION = YES_AGGRESSIVE;
				CLANG_CXX_LANGUAGE_STANDARD = "gnu++20";
				CLANG_ENABLE_MODULES = YES;
				CLANG_ENABLE_OBJC_ARC = YES;
				CLANG_ENABLE_OBJC_WEAK = YES;
				CLANG_WARN_BLOCK_CAPTURE_AUTORELEASING = YES;
				CLANG_WARN_BOOL_CONVERSION = YES;
				CLANG_WARN_COMMA = YES;
				CLANG_WARN_CONSTANT_CONVERSION = YES;
				CLANG_WARN_DEPRECATED_OBJC_IMPLEMENTATIONS = YES;
				CLANG_WARN_DIRECT_OBJC_ISA_USAGE = YES_ERROR;
				CLANG_WARN_DOCUMENTATION_COMMENTS = YES;
				CLANG_WARN_EMPTY_BODY = YES;
				CLANG_WARN_ENUM_CONVERSION = YES;
				CLANG_WARN_INFINITE_RECURSION = YES;
				CLANG_WARN_INT_CONVERSION = YES;
				CLANG_WARN_NON_LITERAL_NULL_CONVERSION = YES;
				CLANG_WARN_OBJC_IMPLICIT_RETAIN_SELF = YES;
				CLANG_WARN_OBJC_LITERAL_CONVERSION = YES;
				CLANG_WARN_OBJC_ROOT_CLASS = YES_ERROR;
				CLANG_WARN_QUOTED_INCLUDE_IN_FRAMEWORK_HEADER = YES;
				CLANG_WARN_RANGE_LOOP_ANALYSIS = YES;
				CLANG_WARN_STRICT_PROTOTYPES = YES;
				CLANG_WARN_SUSPICIOUS_MOVE = YES;
				CLANG_WARN_UNGUARDED_AVAILABILITY = YES_AGGRESSIVE;
				CLANG_WARN_UNREACHABLE_CODE = YES;
				CLANG_WARN__DUPLICATE_METHOD_MATCH = YES;
				COPY_PHASE_STRIP = NO;
				DEBUG_INFORMATION_FORMAT = dwarf;
				ENABLE_STRICT_OBJC_MSGSEND = YES;
				ENABLE_TESTABILITY = YES;
				GCC_C_LANGUAGE_STANDARD = gnu11;
				GCC_DYNAMIC_NO_PIC = NO;
				GCC_NO_COMMON_BLOCKS = YES;
				GCC_OPTIMIZATION_LEVEL = 0;
				GCC_PREPROCESSOR_DEFINITIONS = (
					"DEBUG=1",
					"$(inherited)",
				);
				GCC_WARN_64_TO_32_BIT_CONVERSION = YES;
				GCC_WARN_ABOUT_RETURN_TYPE = YES_ERROR;
				GCC_WARN_UNDECLARED_SELECTOR = YES;
				GCC_WARN_UNINITIALIZED_AUTOS = YES_AGGRESSIVE;
				GCC_WARN_UNUSED_FUNCTION = YES;
				GCC_WARN_UNUSED_VARIABLE = YES;
				IPHONEOS_DEPLOYMENT_TARGET = 16.2;
				MTL_ENABLE_DEBUG_INFO = INCLUDE_SOURCE;
				MTL_FAST_MATH = YES;
				ONLY_ACTIVE_ARCH = YES;
				SDKROOT = iphoneos;
				SWIFT_ACTIVE_COMPILATION_CONDITIONS = DEBUG;
				SWIFT_OPTIMIZATION_LEVEL = "-Onone";
			};
			name = Debug;
		};
		62B621912A4E010B003ACCA6 /* Release */ = {
			isa = XCBuildConfiguration;
			buildSettings = {
				ALWAYS_SEARCH_USER_PATHS = NO;
				CLANG_ANALYZER_NONNULL = YES;
				CLANG_ANALYZER_NUMBER_OBJECT_CONVERSION = YES_AGGRESSIVE;
				CLANG_CXX_LANGUAGE_STANDARD = "gnu++20";
				CLANG_ENABLE_MODULES = YES;
				CLANG_ENABLE_OBJC_ARC = YES;
				CLANG_ENABLE_OBJC_WEAK = YES;
				CLANG_WARN_BLOCK_CAPTURE_AUTORELEASING = YES;
				CLANG_WARN_BOOL_CONVERSION = YES;
				CLANG_WARN_COMMA = YES;
				CLANG_WARN_CONSTANT_CONVERSION = YES;
				CLANG_WARN_DEPRECATED_OBJC_IMPLEMENTATIONS = YES;
				CLANG_WARN_DIRECT_OBJC_ISA_USAGE = YES_ERROR;
				CLANG_WARN_DOCUMENTATION_COMMENTS = YES;
				CLANG_WARN_EMPTY_BODY = YES;
				CLANG_WARN_ENUM_CONVERSION = YES;
				CLANG_WARN_INFINITE_RECURSION = YES;
				CLANG_WARN_INT_CONVERSION = YES;
				CLANG_WARN_NON_LITERAL_NULL_CONVERSION = YES;
				CLANG_WARN_OBJC_IMPLICIT_RETAIN_SELF = YES;
				CLANG_WARN_OBJC_LITERAL_CONVERSION = YES;
				CLANG_WARN_OBJC_ROOT_CLASS = YES_ERROR;
				CLANG_WARN_QUOTED_INCLUDE_IN_FRAMEWORK_HEADER = YES;
				CLANG_WARN_RANGE_LOOP_ANALYSIS = YES;
				CLANG_WARN_STRICT_PROTOTYPES = YES;
				CLANG_WARN_SUSPICIOUS_MOVE = YES;
				CLANG_WARN_UNGUARDED_AVAILABILITY = YES_AGGRESSIVE;
				CLANG_WARN_UNREACHABLE_CODE = YES;
				CLANG_WARN__DUPLICATE_METHOD_MATCH = YES;
				COPY_PHASE_STRIP = NO;
				DEBUG_INFORMATION_FORMAT = "dwarf-with-dsym";
				ENABLE_NS_ASSERTIONS = NO;
				ENABLE_STRICT_OBJC_MSGSEND = YES;
				GCC_C_LANGUAGE_STANDARD = gnu11;
				GCC_NO_COMMON_BLOCKS = YES;
				GCC_WARN_64_TO_32_BIT_CONVERSION = YES;
				GCC_WARN_ABOUT_RETURN_TYPE = YES_ERROR;
				GCC_WARN_UNDECLARED_SELECTOR = YES;
				GCC_WARN_UNINITIALIZED_AUTOS = YES_AGGRESSIVE;
				GCC_WARN_UNUSED_FUNCTION = YES;
				GCC_WARN_UNUSED_VARIABLE = YES;
				IPHONEOS_DEPLOYMENT_TARGET = 16.2;
				MTL_ENABLE_DEBUG_INFO = NO;
				MTL_FAST_MATH = YES;
				SDKROOT = iphoneos;
				SWIFT_COMPILATION_MODE = wholemodule;
				SWIFT_OPTIMIZATION_LEVEL = "-O";
				VALIDATE_PRODUCT = YES;
			};
			name = Release;
		};
		62B621932A4E010B003ACCA6 /* Debug */ = {
			isa = XCBuildConfiguration;
			buildSettings = {
				ASSETCATALOG_COMPILER_APPICON_NAME = AppIcon;
				ASSETCATALOG_COMPILER_GLOBAL_ACCENT_COLOR_NAME = AccentColor;
				CODE_SIGN_STYLE = Automatic;
				CURRENT_PROJECT_VERSION = 1;
				DEVELOPMENT_ASSET_PATHS = "\"beverages/Preview Content\"";
				DEVELOPMENT_TEAM = QT666FZ6Y2;
				ENABLE_PREVIEWS = YES;
				GENERATE_INFOPLIST_FILE = YES;
				INFOPLIST_KEY_NSCameraUsageDescription = "We need access to your Camera to enable barcode scanning.";
				INFOPLIST_KEY_NSPhotoLibraryUsageDescription = "We nedd access to your Photo Library to set product images.";
				INFOPLIST_KEY_UIApplicationSceneManifest_Generation = YES;
				INFOPLIST_KEY_UIApplicationSupportsIndirectInputEvents = YES;
				INFOPLIST_KEY_UILaunchScreen_Generation = YES;
				INFOPLIST_KEY_UISupportedInterfaceOrientations_iPad = "UIInterfaceOrientationPortrait UIInterfaceOrientationPortraitUpsideDown UIInterfaceOrientationLandscapeLeft UIInterfaceOrientationLandscapeRight";
				INFOPLIST_KEY_UISupportedInterfaceOrientations_iPhone = "UIInterfaceOrientationPortrait UIInterfaceOrientationLandscapeLeft UIInterfaceOrientationLandscapeRight";
				LD_RUNPATH_SEARCH_PATHS = (
					"$(inherited)",
					"@executable_path/Frameworks",
				);
				MARKETING_VERSION = 1.0;
				PRODUCT_BUNDLE_IDENTIFIER = com.gaboreszenyi.beverages;
				PRODUCT_NAME = "$(TARGET_NAME)";
				SWIFT_EMIT_LOC_STRINGS = YES;
				SWIFT_VERSION = 5.0;
				TARGETED_DEVICE_FAMILY = "1,2";
			};
			name = Debug;
		};
		62B621942A4E010B003ACCA6 /* Release */ = {
			isa = XCBuildConfiguration;
			buildSettings = {
				ASSETCATALOG_COMPILER_APPICON_NAME = AppIcon;
				ASSETCATALOG_COMPILER_GLOBAL_ACCENT_COLOR_NAME = AccentColor;
				CODE_SIGN_STYLE = Automatic;
				CURRENT_PROJECT_VERSION = 1;
				DEVELOPMENT_ASSET_PATHS = "\"beverages/Preview Content\"";
				DEVELOPMENT_TEAM = QT666FZ6Y2;
				ENABLE_PREVIEWS = YES;
				GENERATE_INFOPLIST_FILE = YES;
				INFOPLIST_KEY_NSCameraUsageDescription = "We need access to your Camera to enable barcode scanning.";
				INFOPLIST_KEY_NSPhotoLibraryUsageDescription = "We nedd access to your Photo Library to set product images.";
				INFOPLIST_KEY_UIApplicationSceneManifest_Generation = YES;
				INFOPLIST_KEY_UIApplicationSupportsIndirectInputEvents = YES;
				INFOPLIST_KEY_UILaunchScreen_Generation = YES;
				INFOPLIST_KEY_UISupportedInterfaceOrientations_iPad = "UIInterfaceOrientationPortrait UIInterfaceOrientationPortraitUpsideDown UIInterfaceOrientationLandscapeLeft UIInterfaceOrientationLandscapeRight";
				INFOPLIST_KEY_UISupportedInterfaceOrientations_iPhone = "UIInterfaceOrientationPortrait UIInterfaceOrientationLandscapeLeft UIInterfaceOrientationLandscapeRight";
				LD_RUNPATH_SEARCH_PATHS = (
					"$(inherited)",
					"@executable_path/Frameworks",
				);
				MARKETING_VERSION = 1.0;
				PRODUCT_BUNDLE_IDENTIFIER = com.gaboreszenyi.beverages;
				PRODUCT_NAME = "$(TARGET_NAME)";
				SWIFT_EMIT_LOC_STRINGS = YES;
				SWIFT_VERSION = 5.0;
				TARGETED_DEVICE_FAMILY = "1,2";
			};
			name = Release;
		};
		62B621962A4E010B003ACCA6 /* Debug */ = {
			isa = XCBuildConfiguration;
			buildSettings = {
				ALWAYS_EMBED_SWIFT_STANDARD_LIBRARIES = YES;
				BUNDLE_LOADER = "$(TEST_HOST)";
				CODE_SIGN_STYLE = Automatic;
				CURRENT_PROJECT_VERSION = 1;
				DEVELOPMENT_TEAM = QT666FZ6Y2;
				GENERATE_INFOPLIST_FILE = YES;
				IPHONEOS_DEPLOYMENT_TARGET = 16.2;
				MARKETING_VERSION = 1.0;
				PRODUCT_BUNDLE_IDENTIFIER = com.gaboreszenyi.beveragesTests;
				PRODUCT_NAME = "$(TARGET_NAME)";
				SWIFT_EMIT_LOC_STRINGS = NO;
				SWIFT_VERSION = 5.0;
				TARGETED_DEVICE_FAMILY = "1,2";
				TEST_HOST = "$(BUILT_PRODUCTS_DIR)/beverages.app/$(BUNDLE_EXECUTABLE_FOLDER_PATH)/beverages";
			};
			name = Debug;
		};
		62B621972A4E010B003ACCA6 /* Release */ = {
			isa = XCBuildConfiguration;
			buildSettings = {
				ALWAYS_EMBED_SWIFT_STANDARD_LIBRARIES = YES;
				BUNDLE_LOADER = "$(TEST_HOST)";
				CODE_SIGN_STYLE = Automatic;
				CURRENT_PROJECT_VERSION = 1;
				DEVELOPMENT_TEAM = QT666FZ6Y2;
				GENERATE_INFOPLIST_FILE = YES;
				IPHONEOS_DEPLOYMENT_TARGET = 16.2;
				MARKETING_VERSION = 1.0;
				PRODUCT_BUNDLE_IDENTIFIER = com.gaboreszenyi.beveragesTests;
				PRODUCT_NAME = "$(TARGET_NAME)";
				SWIFT_EMIT_LOC_STRINGS = NO;
				SWIFT_VERSION = 5.0;
				TARGETED_DEVICE_FAMILY = "1,2";
				TEST_HOST = "$(BUILT_PRODUCTS_DIR)/beverages.app/$(BUNDLE_EXECUTABLE_FOLDER_PATH)/beverages";
			};
			name = Release;
		};
/* End XCBuildConfiguration section */

/* Begin XCConfigurationList section */
		62B621692A4E0108003ACCA6 /* Build configuration list for PBXProject "beverages" */ = {
			isa = XCConfigurationList;
			buildConfigurations = (
				62B621902A4E010B003ACCA6 /* Debug */,
				62B621912A4E010B003ACCA6 /* Release */,
			);
			defaultConfigurationIsVisible = 0;
			defaultConfigurationName = Release;
		};
		62B621922A4E010B003ACCA6 /* Build configuration list for PBXNativeTarget "beverages" */ = {
			isa = XCConfigurationList;
			buildConfigurations = (
				62B621932A4E010B003ACCA6 /* Debug */,
				62B621942A4E010B003ACCA6 /* Release */,
			);
			defaultConfigurationIsVisible = 0;
			defaultConfigurationName = Release;
		};
		62B621952A4E010B003ACCA6 /* Build configuration list for PBXNativeTarget "beveragesTests" */ = {
			isa = XCConfigurationList;
			buildConfigurations = (
				62B621962A4E010B003ACCA6 /* Debug */,
				62B621972A4E010B003ACCA6 /* Release */,
			);
			defaultConfigurationIsVisible = 0;
			defaultConfigurationName = Release;
		};
/* End XCConfigurationList section */

/* Begin XCRemoteSwiftPackageReference section */
		62B6219B2A4E01BE003ACCA6 /* XCRemoteSwiftPackageReference "Resolver" */ = {
			isa = XCRemoteSwiftPackageReference;
			repositoryURL = "https://github.com/hmlongco/Resolver";
			requirement = {
				kind = exactVersion;
				version = 1.5.0;
			};
		};
		62B6219E2A4E02BF003ACCA6 /* XCRemoteSwiftPackageReference "SQLite.swift" */ = {
			isa = XCRemoteSwiftPackageReference;
			repositoryURL = "https://github.com/stephencelis/SQLite.swift.git";
			requirement = {
				kind = exactVersion;
				version = 0.14.1;
			};
		};
/* End XCRemoteSwiftPackageReference section */

/* Begin XCSwiftPackageProductDependency section */
		62B6219C2A4E01BE003ACCA6 /* Resolver */ = {
			isa = XCSwiftPackageProductDependency;
			package = 62B6219B2A4E01BE003ACCA6 /* XCRemoteSwiftPackageReference "Resolver" */;
			productName = Resolver;
		};
		62B6219F2A4E02BF003ACCA6 /* SQLite */ = {
			isa = XCSwiftPackageProductDependency;
			package = 62B6219E2A4E02BF003ACCA6 /* XCRemoteSwiftPackageReference "SQLite.swift" */;
			productName = SQLite;
		};
/* End XCSwiftPackageProductDependency section */
	};
	rootObject = 62B621662A4E0108003ACCA6 /* Project object */;
}
