// !$*UTF8*$!
{
	archiveVersion = 1;
	classes = {
	};
	objectVersion = 56;
	objects = {

/* Begin PBXBuildFile section */
		62B621722A4E0109003ACCA6 /* beveragesApp.swift in Sources */ = {isa = PBXBuildFile; fileRef = 62B621712A4E0109003ACCA6 /* beveragesApp.swift */; };
		62B621742A4E0109003ACCA6 /* ContentView.swift in Sources */ = {isa = PBXBuildFile; fileRef = 62B621732A4E0109003ACCA6 /* ContentView.swift */; };
		62B621762A4E010B003ACCA6 /* Assets.xcassets in Resources */ = {isa = PBXBuildFile; fileRef = 62B621752A4E010B003ACCA6 /* Assets.xcassets */; };
		62B621792A4E010B003ACCA6 /* Preview Assets.xcassets in Resources */ = {isa = PBXBuildFile; fileRef = 62B621782A4E010B003ACCA6 /* Preview Assets.xcassets */; };
		62B621832A4E010B003ACCA6 /* beveragesTests.swift in Sources */ = {isa = PBXBuildFile; fileRef = 62B621822A4E010B003ACCA6 /* beveragesTests.swift */; };
/* End PBXBuildFile section */

/* Begin PBXContainerItemProxy section */
		62B6217F2A4E010B003ACCA6 /* PBXContainerItemProxy */ = {
			isa = PBXContainerItemProxy;
			containerPortal = 62B621662A4E0108003ACCA6 /* Project object */;
			proxyType = 1;
			remoteGlobalIDString = 62B6216D2A4E0109003ACCA6;
			remoteInfo = beverages;
		};
/* End PBXContainerItemProxy section */

/* Begin PBXFileReference section */
		62B6216E2A4E0109003ACCA6 /* beverages.app */ = {isa = PBXFileReference; explicitFileType = wrapper.application; includeInIndex = 0; path = beverages.app; sourceTree = BUILT_PRODUCTS_DIR; };
		62B621712A4E0109003ACCA6 /* beveragesApp.swift */ = {isa = PBXFileReference; lastKnownFileType = sourcecode.swift; path = beveragesApp.swift; sourceTree = "<group>"; };
		62B621732A4E0109003ACCA6 /* ContentView.swift */ = {isa = PBXFileReference; lastKnownFileType = sourcecode.swift; path = ContentView.swift; sourceTree = "<group>"; };
		62B621752A4E010B003ACCA6 /* Assets.xcassets */ = {isa = PBXFileReference; lastKnownFileType = folder.assetcatalog; path = Assets.xcassets; sourceTree = "<group>"; };
		62B621782A4E010B003ACCA6 /* Preview Assets.xcassets */ = {isa = PBXFileReference; lastKnownFileType = folder.assetcatalog; path = "Preview Assets.xcassets"; sourceTree = "<group>"; };
		62B6217E2A4E010B003ACCA6 /* beveragesTests.xctest */ = {isa = PBXFileReference; explicitFileType = wrapper.cfbundle; includeInIndex = 0; path = beveragesTests.xctest; sourceTree = BUILT_PRODUCTS_DIR; };
		62B621822A4E010B003ACCA6 /* beveragesTests.swift */ = {isa = PBXFileReference; lastKnownFileType = sourcecode.swift; path = beveragesTests.swift; sourceTree = "<group>"; };
/* End PBXFileReference section */

/* Begin PBXFrameworksBuildPhase section */
		62B6216B2A4E0109003ACCA6 /* Frameworks */ = {
			isa = PBXFrameworksBuildPhase;
			buildActionMask = 2147483647;
			files = (
			);
			runOnlyForDeploymentPostprocessing = 0;
		};
		62B6217B2A4E010B003ACCA6 /* Frameworks */ = {
			isa = PBXFrameworksBuildPhase;
			buildActionMask = 2147483647;
			files = (
			);
			runOnlyForDeploymentPostprocessing = 0;
		};
/* End PBXFrameworksBuildPhase section */

/* Begin PBXGroup section */
		62B621652A4E0108003ACCA6 = {
			isa = PBXGroup;
			children = (
				62B621702A4E0109003ACCA6 /* beverages */,
				62B621812A4E010B003ACCA6 /* beveragesTests */,
				62B6216F2A4E0109003ACCA6 /* Products */,
			);
			sourceTree = "<group>";
		};
		62B6216F2A4E0109003ACCA6 /* Products */ = {
			isa = PBXGroup;
			children = (
				62B6216E2A4E0109003ACCA6 /* beverages.app */,
				62B6217E2A4E010B003ACCA6 /* beveragesTests.xctest */,
			);
			name = Products;
			sourceTree = "<group>";
		};
		62B621702A4E0109003ACCA6 /* beverages */ = {
			isa = PBXGroup;
			children = (
				62B621712A4E0109003ACCA6 /* beveragesApp.swift */,
				62B621732A4E0109003ACCA6 /* ContentView.swift */,
				62B621752A4E010B003ACCA6 /* Assets.xcassets */,
				62B621772A4E010B003ACCA6 /* Preview Content */,
			);
			path = beverages;
			sourceTree = "<group>";
		};
		62B621772A4E010B003ACCA6 /* Preview Content */ = {
			isa = PBXGroup;
			children = (
				62B621782A4E010B003ACCA6 /* Preview Assets.xcassets */,
			);
			path = "Preview Content";
			sourceTree = "<group>";
		};
		62B621812A4E010B003ACCA6 /* beveragesTests */ = {
			isa = PBXGroup;
			children = (
				62B621822A4E010B003ACCA6 /* beveragesTests.swift */,
			);
			path = beveragesTests;
			sourceTree = "<group>";
		};
/* End PBXGroup section */

/* Begin PBXNativeTarget section */
		62B6216D2A4E0109003ACCA6 /* beverages */ = {
			isa = PBXNativeTarget;
			buildConfigurationList = 62B621922A4E010B003ACCA6 /* Build configuration list for PBXNativeTarget "beverages" */;
			buildPhases = (
				62B6216A2A4E0109003ACCA6 /* Sources */,
				62B6216B2A4E0109003ACCA6 /* Frameworks */,
				62B6216C2A4E0109003ACCA6 /* Resources */,
			);
			buildRules = (
			);
			dependencies = (
			);
			name = beverages;
			productName = beverages;
			productReference = 62B6216E2A4E0109003ACCA6 /* beverages.app */;
			productType = "com.apple.product-type.application";
		};
		62B6217D2A4E010B003ACCA6 /* beveragesTests */ = {
			isa = PBXNativeTarget;
			buildConfigurationList = 62B621952A4E010B003ACCA6 /* Build configuration list for PBXNativeTarget "beveragesTests" */;
			buildPhases = (
				62B6217A2A4E010B003ACCA6 /* Sources */,
				62B6217B2A4E010B003ACCA6 /* Frameworks */,
				62B6217C2A4E010B003ACCA6 /* Resources */,
			);
			buildRules = (
			);
			dependencies = (
				62B621802A4E010B003ACCA6 /* PBXTargetDependency */,
			);
			name = beveragesTests;
			productName = beveragesTests;
			productReference = 62B6217E2A4E010B003ACCA6 /* beveragesTests.xctest */;
			productType = "com.apple.product-type.bundle.unit-test";
		};
/* End PBXNativeTarget section */

/* Begin PBXProject section */
		62B621662A4E0108003ACCA6 /* Project object */ = {
			isa = PBXProject;
			attributes = {
				BuildIndependentTargetsInParallel = 1;
				LastSwiftUpdateCheck = 1420;
				LastUpgradeCheck = 1420;
				TargetAttributes = {
					62B6216D2A4E0109003ACCA6 = {
						CreatedOnToolsVersion = 14.2;
					};
					62B6217D2A4E010B003ACCA6 = {
						CreatedOnToolsVersion = 14.2;
						TestTargetID = 62B6216D2A4E0109003ACCA6;
					};
				};
			};
			buildConfigurationList = 62B621692A4E0108003ACCA6 /* Build configuration list for PBXProject "beverages" */;
			compatibilityVersion = "Xcode 14.0";
			developmentRegion = en;
			hasScannedForEncodings = 0;
			knownRegions = (
				en,
				Base,
			);
			mainGroup = 62B621652A4E0108003ACCA6;
			productRefGroup = 62B6216F2A4E0109003ACCA6 /* Products */;
			projectDirPath = "";
			projectRoot = "";
			targets = (
				62B6216D2A4E0109003ACCA6 /* beverages */,
				62B6217D2A4E010B003ACCA6 /* beveragesTests */,
			);
		};
/* End PBXProject section */

/* Begin PBXResourcesBuildPhase section */
		62B6216C2A4E0109003ACCA6 /* Resources */ = {
			isa = PBXResourcesBuildPhase;
			buildActionMask = 2147483647;
			files = (
				62B621792A4E010B003ACCA6 /* Preview Assets.xcassets in Resources */,
				62B621762A4E010B003ACCA6 /* Assets.xcassets in Resources */,
			);
			runOnlyForDeploymentPostprocessing = 0;
		};
		62B6217C2A4E010B003ACCA6 /* Resources */ = {
			isa = PBXResourcesBuildPhase;
			buildActionMask = 2147483647;
			files = (
			);
			runOnlyForDeploymentPostprocessing = 0;
		};
/* End PBXResourcesBuildPhase section */

/* Begin PBXSourcesBuildPhase section */
		62B6216A2A4E0109003ACCA6 /* Sources */ = {
			isa = PBXSourcesBuildPhase;
			buildActionMask = 2147483647;
			files = (
				62B621742A4E0109003ACCA6 /* ContentView.swift in Sources */,
				62B621722A4E0109003ACCA6 /* beveragesApp.swift in Sources */,
			);
			runOnlyForDeploymentPostprocessing = 0;
		};
		62B6217A2A4E010B003ACCA6 /* Sources */ = {
			isa = PBXSourcesBuildPhase;
			buildActionMask = 2147483647;
			files = (
				62B621832A4E010B003ACCA6 /* beveragesTests.swift in Sources */,
			);
			runOnlyForDeploymentPostprocessing = 0;
		};
/* End PBXSourcesBuildPhase section */

/* Begin PBXTargetDependency section */
		62B621802A4E010B003ACCA6 /* PBXTargetDependency */ = {
			isa = PBXTargetDependency;
			target = 62B6216D2A4E0109003ACCA6 /* beverages */;
			targetProxy = 62B6217F2A4E010B003ACCA6 /* PBXContainerItemProxy */;
		};
/* End PBXTargetDependency section */

/* Begin XCBuildConfiguration section */
		62B621902A4E010B003ACCA6 /* Debug */ = {
			isa = XCBuildConfiguration;
			buildSettings = {
				ALWAYS_SEARCH_USER_PATHS = NO;
				CLANG_ANALYZER_NONNULL = YES;
				CLANG_ANALYZER_NUMBER_OBJECT_CONVERSION = YES_AGGRESSIVE;
				CLANG_CXX_LANGUAGE_STANDARD = "gnu++20";
				CLANG_ENABLE_MODULES = YES;
				CLANG_ENABLE_OBJC_ARC = YES;
				CLANG_ENABLE_OBJC_WEAK = YES;
				CLANG_WARN_BLOCK_CAPTURE_AUTORELEASING = YES;
				CLANG_WARN_BOOL_CONVERSION = YES;
				CLANG_WARN_COMMA = YES;
				CLANG_WARN_CONSTANT_CONVERSION = YES;
				CLANG_WARN_DEPRECATED_OBJC_IMPLEMENTATIONS = YES;
				CLANG_WARN_DIRECT_OBJC_ISA_USAGE = YES_ERROR;
				CLANG_WARN_DOCUMENTATION_COMMENTS = YES;
				CLANG_WARN_EMPTY_BODY = YES;
				CLANG_WARN_ENUM_CONVERSION = YES;
				CLANG_WARN_INFINITE_RECURSION = YES;
				CLANG_WARN_INT_CONVERSION = YES;
				CLANG_WARN_NON_LITERAL_NULL_CONVERSION = YES;
				CLANG_WARN_OBJC_IMPLICIT_RETAIN_SELF = YES;
				CLANG_WARN_OBJC_LITERAL_CONVERSION = YES;
				CLANG_WARN_OBJC_ROOT_CLASS = YES_ERROR;
				CLANG_WARN_QUOTED_INCLUDE_IN_FRAMEWORK_HEADER = YES;
				CLANG_WARN_RANGE_LOOP_ANALYSIS = YES;
				CLANG_WARN_STRICT_PROTOTYPES = YES;
				CLANG_WARN_SUSPICIOUS_MOVE = YES;
				CLANG_WARN_UNGUARDED_AVAILABILITY = YES_AGGRESSIVE;
				CLANG_WARN_UNREACHABLE_CODE = YES;
				CLANG_WARN__DUPLICATE_METHOD_MATCH = YES;
				COPY_PHASE_STRIP = NO;
				DEBUG_INFORMATION_FORMAT = dwarf;
				ENABLE_STRICT_OBJC_MSGSEND = YES;
				ENABLE_TESTABILITY = YES;
				GCC_C_LANGUAGE_STANDARD = gnu11;
				GCC_DYNAMIC_NO_PIC = NO;
				GCC_NO_COMMON_BLOCKS = YES;
				GCC_OPTIMIZATION_LEVEL = 0;
				GCC_PREPROCESSOR_DEFINITIONS = (
					"DEBUG=1",
					"$(inherited)",
				);
				GCC_WARN_64_TO_32_BIT_CONVERSION = YES;
				GCC_WARN_ABOUT_RETURN_TYPE = YES_ERROR;
				GCC_WARN_UNDECLARED_SELECTOR = YES;
				GCC_WARN_UNINITIALIZED_AUTOS = YES_AGGRESSIVE;
				GCC_WARN_UNUSED_FUNCTION = YES;
				GCC_WARN_UNUSED_VARIABLE = YES;
				IPHONEOS_DEPLOYMENT_TARGET = 16.2;
				MTL_ENABLE_DEBUG_INFO = INCLUDE_SOURCE;
				MTL_FAST_MATH = YES;
				ONLY_ACTIVE_ARCH = YES;
				SDKROOT = iphoneos;
				SWIFT_ACTIVE_COMPILATION_CONDITIONS = DEBUG;
				SWIFT_OPTIMIZATION_LEVEL = "-Onone";
			};
			name = Debug;
		};
		62B621912A4E010B003ACCA6 /* Release */ = {
			isa = XCBuildConfiguration;
			buildSettings = {
				ALWAYS_SEARCH_USER_PATHS = NO;
				CLANG_ANALYZER_NONNULL = YES;
				CLANG_ANALYZER_NUMBER_OBJECT_CONVERSION = YES_AGGRESSIVE;
				CLANG_CXX_LANGUAGE_STANDARD = "gnu++20";
				CLANG_ENABLE_MODULES = YES;
				CLANG_ENABLE_OBJC_ARC = YES;
				CLANG_ENABLE_OBJC_WEAK = YES;
				CLANG_WARN_BLOCK_CAPTURE_AUTORELEASING = YES;
				CLANG_WARN_BOOL_CONVERSION = YES;
				CLANG_WARN_COMMA = YES;
				CLANG_WARN_CONSTANT_CONVERSION = YES;
				CLANG_WARN_DEPRECATED_OBJC_IMPLEMENTATIONS = YES;
				CLANG_WARN_DIRECT_OBJC_ISA_USAGE = YES_ERROR;
				CLANG_WARN_DOCUMENTATION_COMMENTS = YES;
				CLANG_WARN_EMPTY_BODY = YES;
				CLANG_WARN_ENUM_CONVERSION = YES;
				CLANG_WARN_INFINITE_RECURSION = YES;
				CLANG_WARN_INT_CONVERSION = YES;
				CLANG_WARN_NON_LITERAL_NULL_CONVERSION = YES;
				CLANG_WARN_OBJC_IMPLICIT_RETAIN_SELF = YES;
				CLANG_WARN_OBJC_LITERAL_CONVERSION = YES;
				CLANG_WARN_OBJC_ROOT_CLASS = YES_ERROR;
				CLANG_WARN_QUOTED_INCLUDE_IN_FRAMEWORK_HEADER = YES;
				CLANG_WARN_RANGE_LOOP_ANALYSIS = YES;
				CLANG_WARN_STRICT_PROTOTYPES = YES;
				CLANG_WARN_SUSPICIOUS_MOVE = YES;
				CLANG_WARN_UNGUARDED_AVAILABILITY = YES_AGGRESSIVE;
				CLANG_WARN_UNREACHABLE_CODE = YES;
				CLANG_WARN__DUPLICATE_METHOD_MATCH = YES;
				COPY_PHASE_STRIP = NO;
				DEBUG_INFORMATION_FORMAT = "dwarf-with-dsym";
				ENABLE_NS_ASSERTIONS = NO;
				ENABLE_STRICT_OBJC_MSGSEND = YES;
				GCC_C_LANGUAGE_STANDARD = gnu11;
				GCC_NO_COMMON_BLOCKS = YES;
				GCC_WARN_64_TO_32_BIT_CONVERSION = YES;
				GCC_WARN_ABOUT_RETURN_TYPE = YES_ERROR;
				GCC_WARN_UNDECLARED_SELECTOR = YES;
				GCC_WARN_UNINITIALIZED_AUTOS = YES_AGGRESSIVE;
				GCC_WARN_UNUSED_FUNCTION = YES;
				GCC_WARN_UNUSED_VARIABLE = YES;
				IPHONEOS_DEPLOYMENT_TARGET = 16.2;
				MTL_ENABLE_DEBUG_INFO = NO;
				MTL_FAST_MATH = YES;
				SDKROOT = iphoneos;
				SWIFT_COMPILATION_MODE = wholemodule;
				SWIFT_OPTIMIZATION_LEVEL = "-O";
				VALIDATE_PRODUCT = YES;
			};
			name = Release;
		};
		62B621932A4E010B003ACCA6 /* Debug */ = {
			isa = XCBuildConfiguration;
			buildSettings = {
				ASSETCATALOG_COMPILER_APPICON_NAME = AppIcon;
				ASSETCATALOG_COMPILER_GLOBAL_ACCENT_COLOR_NAME = AccentColor;
				CODE_SIGN_STYLE = Automatic;
				CURRENT_PROJECT_VERSION = 1;
				DEVELOPMENT_ASSET_PATHS = "\"beverages/Preview Content\"";
				DEVELOPMENT_TEAM = QT666FZ6Y2;
				ENABLE_PREVIEWS = YES;
				GENERATE_INFOPLIST_FILE = YES;
				INFOPLIST_KEY_UIApplicationSceneManifest_Generation = YES;
				INFOPLIST_KEY_UIApplicationSupportsIndirectInputEvents = YES;
				INFOPLIST_KEY_UILaunchScreen_Generation = YES;
				INFOPLIST_KEY_UISupportedInterfaceOrientations_iPad = "UIInterfaceOrientationPortrait UIInterfaceOrientationPortraitUpsideDown UIInterfaceOrientationLandscapeLeft UIInterfaceOrientationLandscapeRight";
				INFOPLIST_KEY_UISupportedInterfaceOrientations_iPhone = "UIInterfaceOrientationPortrait UIInterfaceOrientationLandscapeLeft UIInterfaceOrientationLandscapeRight";
				LD_RUNPATH_SEARCH_PATHS = (
					"$(inherited)",
					"@executable_path/Frameworks",
				);
				MARKETING_VERSION = 1.0;
				PRODUCT_BUNDLE_IDENTIFIER = com.gaboreszenyi.beverages;
				PRODUCT_NAME = "$(TARGET_NAME)";
				SWIFT_EMIT_LOC_STRINGS = YES;
				SWIFT_VERSION = 5.0;
				TARGETED_DEVICE_FAMILY = "1,2";
			};
			name = Debug;
		};
		62B621942A4E010B003ACCA6 /* Release */ = {
			isa = XCBuildConfiguration;
			buildSettings = {
				ASSETCATALOG_COMPILER_APPICON_NAME = AppIcon;
				ASSETCATALOG_COMPILER_GLOBAL_ACCENT_COLOR_NAME = AccentColor;
				CODE_SIGN_STYLE = Automatic;
				CURRENT_PROJECT_VERSION = 1;
				DEVELOPMENT_ASSET_PATHS = "\"beverages/Preview Content\"";
				DEVELOPMENT_TEAM = QT666FZ6Y2;
				ENABLE_PREVIEWS = YES;
				GENERATE_INFOPLIST_FILE = YES;
				INFOPLIST_KEY_UIApplicationSceneManifest_Generation = YES;
				INFOPLIST_KEY_UIApplicationSupportsIndirectInputEvents = YES;
				INFOPLIST_KEY_UILaunchScreen_Generation = YES;
				INFOPLIST_KEY_UISupportedInterfaceOrientations_iPad = "UIInterfaceOrientationPortrait UIInterfaceOrientationPortraitUpsideDown UIInterfaceOrientationLandscapeLeft UIInterfaceOrientationLandscapeRight";
				INFOPLIST_KEY_UISupportedInterfaceOrientations_iPhone = "UIInterfaceOrientationPortrait UIInterfaceOrientationLandscapeLeft UIInterfaceOrientationLandscapeRight";
				LD_RUNPATH_SEARCH_PATHS = (
					"$(inherited)",
					"@executable_path/Frameworks",
				);
				MARKETING_VERSION = 1.0;
				PRODUCT_BUNDLE_IDENTIFIER = com.gaboreszenyi.beverages;
				PRODUCT_NAME = "$(TARGET_NAME)";
				SWIFT_EMIT_LOC_STRINGS = YES;
				SWIFT_VERSION = 5.0;
				TARGETED_DEVICE_FAMILY = "1,2";
			};
			name = Release;
		};
		62B621962A4E010B003ACCA6 /* Debug */ = {
			isa = XCBuildConfiguration;
			buildSettings = {
				ALWAYS_EMBED_SWIFT_STANDARD_LIBRARIES = YES;
				BUNDLE_LOADER = "$(TEST_HOST)";
				CODE_SIGN_STYLE = Automatic;
				CURRENT_PROJECT_VERSION = 1;
				DEVELOPMENT_TEAM = QT666FZ6Y2;
				GENERATE_INFOPLIST_FILE = YES;
				IPHONEOS_DEPLOYMENT_TARGET = 16.2;
				MARKETING_VERSION = 1.0;
				PRODUCT_BUNDLE_IDENTIFIER = com.gaboreszenyi.beveragesTests;
				PRODUCT_NAME = "$(TARGET_NAME)";
				SWIFT_EMIT_LOC_STRINGS = NO;
				SWIFT_VERSION = 5.0;
				TARGETED_DEVICE_FAMILY = "1,2";
				TEST_HOST = "$(BUILT_PRODUCTS_DIR)/beverages.app/$(BUNDLE_EXECUTABLE_FOLDER_PATH)/beverages";
			};
			name = Debug;
		};
		62B621972A4E010B003ACCA6 /* Release */ = {
			isa = XCBuildConfiguration;
			buildSettings = {
				ALWAYS_EMBED_SWIFT_STANDARD_LIBRARIES = YES;
				BUNDLE_LOADER = "$(TEST_HOST)";
				CODE_SIGN_STYLE = Automatic;
				CURRENT_PROJECT_VERSION = 1;
				DEVELOPMENT_TEAM = QT666FZ6Y2;
				GENERATE_INFOPLIST_FILE = YES;
				IPHONEOS_DEPLOYMENT_TARGET = 16.2;
				MARKETING_VERSION = 1.0;
				PRODUCT_BUNDLE_IDENTIFIER = com.gaboreszenyi.beveragesTests;
				PRODUCT_NAME = "$(TARGET_NAME)";
				SWIFT_EMIT_LOC_STRINGS = NO;
				SWIFT_VERSION = 5.0;
				TARGETED_DEVICE_FAMILY = "1,2";
				TEST_HOST = "$(BUILT_PRODUCTS_DIR)/beverages.app/$(BUNDLE_EXECUTABLE_FOLDER_PATH)/beverages";
			};
			name = Release;
		};
/* End XCBuildConfiguration section */

/* Begin XCConfigurationList section */
		62B621692A4E0108003ACCA6 /* Build configuration list for PBXProject "beverages" */ = {
			isa = XCConfigurationList;
			buildConfigurations = (
				62B621902A4E010B003ACCA6 /* Debug */,
				62B621912A4E010B003ACCA6 /* Release */,
			);
			defaultConfigurationIsVisible = 0;
			defaultConfigurationName = Release;
		};
		62B621922A4E010B003ACCA6 /* Build configuration list for PBXNativeTarget "beverages" */ = {
			isa = XCConfigurationList;
			buildConfigurations = (
				62B621932A4E010B003ACCA6 /* Debug */,
				62B621942A4E010B003ACCA6 /* Release */,
			);
			defaultConfigurationIsVisible = 0;
			defaultConfigurationName = Release;
		};
		62B621952A4E010B003ACCA6 /* Build configuration list for PBXNativeTarget "beveragesTests" */ = {
			isa = XCConfigurationList;
			buildConfigurations = (
				62B621962A4E010B003ACCA6 /* Debug */,
				62B621972A4E010B003ACCA6 /* Release */,
			);
			defaultConfigurationIsVisible = 0;
			defaultConfigurationName = Release;
		};
/* End XCConfigurationList section */
	};
	rootObject = 62B621662A4E0108003ACCA6 /* Project object */;
}
